
Microsoft Visual Studio Solution File, Format Version 12.00
# Visual Studio Version 17
VisualStudioVersion = 17.5.002.0
MinimumVisualStudioVersion = 10.0.40219.1
Project("{9A19103F-16F7-4668-BE54-9A1E7A4F7556}") = "Factory", "Factory\Factory.csproj", "{66873307-F00B-40FA-B46A-F77128108B30}"
EndProject
Global
	GlobalSection(SolutionConfigurationPlatforms) = preSolution
		Debug|Any CPU = Debug|Any CPU
		Release|Any CPU = Release|Any CPU
	EndGlobalSection
	GlobalSection(ProjectConfigurationPlatforms) = postSolution
		{66873307-F00B-40FA-B46A-F77128108B30}.Debug|Any CPU.ActiveCfg = Debug|Any CPU
		{66873307-F00B-40FA-B46A-F77128108B30}.Debug|Any CPU.Build.0 = Debug|Any CPU
		{66873307-F00B-40FA-B46A-F77128108B30}.Release|Any CPU.ActiveCfg = Release|Any CPU
		{66873307-F00B-40FA-B46A-F77128108B30}.Release|Any CPU.Build.0 = Release|Any CPU
	EndGlobalSection
	GlobalSection(SolutionProperties) = preSolution
		HideSolutionNode = FALSE
	EndGlobalSection
	GlobalSection(ExtensibilityGlobals) = postSolution
		SolutionGuid = {9104C9F7-A44F-4466-A928-3B995CA199E9}
	EndGlobalSection
EndGlobal
